{
  "nodes": {
    "compactable-src": {
      "flake": false,
      "locked": {
        "lastModified": 1634333263,
        "narHash": "sha256-43VpRvpLrOQKxVT36RfehgxGcLMHpJL77dkkSNinql8=",
        "owner": "fresheyeball",
        "repo": "Compactable",
        "rev": "9ea87d1858f6f4e2011709b6680cfd336ac39144",
        "type": "gitlab"
      },
      "original": {
        "owner": "fresheyeball",
        "repo": "Compactable",
        "rev": "9ea87d1858f6f4e2011709b6680cfd336ac39144",
        "type": "gitlab"
      }
    },
    "dana-circulating-supply": {
      "inputs": {
        "gitignore-src": "gitignore-src",
        "nixpkgs": "nixpkgs"
      },
      "locked": {
        "lastModified": 1657051048,
        "narHash": "sha256-FM7dav1W3AT4LKhCXlK9zfnxryO/hc8cQma9mITzKvw=",
        "ref": "main",
        "rev": "f82ae98fa7a663411790599779317bf5c56d9207",
        "revCount": 41,
        "type": "git",
        "url": "ssh://git@github.com/ArdanaLabs/dana-circulating-supply"
      },
      "original": {
        "ref": "main",
        "type": "git",
        "url": "ssh://git@github.com/ArdanaLabs/dana-circulating-supply"
      }
    },
    "danalib": {
      "inputs": {
        "nixpkgs": "nixpkgs_2"
      },
      "locked": {
        "lastModified": 1639723206,
        "narHash": "sha256-YDELcoKvwIu4gPO2s7b8WAaTKnhcISdn3UDHSfOZXkQ=",
        "owner": "ArdanaLabs",
        "repo": "danalib",
        "rev": "50c02aa835c11d8f4245f0ed1026fe5e46f41557",
        "type": "github"
      },
      "original": {
        "owner": "ArdanaLabs",
        "repo": "danalib",
        "type": "github"
      }
    },
    "danaswapstats": {
      "inputs": {
        "compactable-src": "compactable-src",
        "danalib": "danalib",
        "easy-hls-src": "easy-hls-src",
        "gitignore-hercules-src": "gitignore-hercules-src",
        "gitignore-src": "gitignore-src_2",
        "nixpkgs": "nixpkgs_3",
        "safe-coloured-text-src": "safe-coloured-text-src",
        "sydtest-src": "sydtest-src",
        "validity-src": "validity-src"
      },
      "locked": {
        "lastModified": 1648725597,
        "narHash": "sha256-PZV6CKXv7IVjJeWzhYQoh5rCAszyCYMGejOFFkgfrsU=",
        "ref": "refs/heads/master",
        "rev": "6f899d6f39a5d46a08c4a180cb216c16005c4931",
        "revCount": 415,
        "type": "git",
        "url": "ssh://git@github.com/ArdanaLabs/danaswapstats"
      },
      "original": {
        "type": "git",
        "url": "ssh://git@github.com/ArdanaLabs/danaswapstats"
      }
    },
    "easy-hls-src": {
      "flake": false,
      "locked": {
        "lastModified": 1629160570,
        "narHash": "sha256-Y592D1EpSGm7gDig+k8G8y3u6k5UXBd+My1Th6txzoI=",
        "owner": "jkachmar",
        "repo": "easy-hls-nix",
        "rev": "db85cac9d0405b4769b75cba0b004aed3beaf2de",
        "type": "github"
      },
      "original": {
        "owner": "jkachmar",
        "repo": "easy-hls-nix",
        "rev": "db85cac9d0405b4769b75cba0b004aed3beaf2de",
        "type": "github"
      }
    },
    "gitignore-hercules-src": {
      "inputs": {
        "nixpkgs": [
          "danaswapstats",
          "nixpkgs"
        ]
      },
      "locked": {
        "lastModified": 1634151530,
        "narHash": "sha256-l1wnu/jSxhj6+MGurKupKkWZh3Om/6FuYc/FdSlkyRI=",
        "owner": "hercules-ci",
        "repo": "gitignore.nix",
        "rev": "9e80c4d83026fa6548bc53b1a6fab8549a6991f6",
        "type": "github"
      },
      "original": {
        "owner": "hercules-ci",
        "repo": "gitignore.nix",
        "type": "github"
      }
    },
    "gitignore-src": {
      "flake": false,
      "locked": {
        "lastModified": 1546534343,
        "narHash": "sha256-v80jB2dbCogUt7wjC5Bf6jIT25clYR805oheN+KI7u8=",
        "owner": "siers",
        "repo": "nix-gitignore",
        "rev": "4f2d85f2f1aa4c6bff2d9fcfd3caad443f35476e",
        "type": "github"
      },
      "original": {
        "owner": "siers",
        "repo": "nix-gitignore",
        "rev": "4f2d85f2f1aa4c6bff2d9fcfd3caad443f35476e",
        "type": "github"
      }
    },
    "gitignore-src_2": {
      "flake": false,
      "locked": {
        "lastModified": 1546534343,
        "narHash": "sha256-v80jB2dbCogUt7wjC5Bf6jIT25clYR805oheN+KI7u8=",
        "owner": "siers",
        "repo": "nix-gitignore",
        "rev": "4f2d85f2f1aa4c6bff2d9fcfd3caad443f35476e",
        "type": "github"
      },
      "original": {
        "owner": "siers",
        "repo": "nix-gitignore",
        "rev": "4f2d85f2f1aa4c6bff2d9fcfd3caad443f35476e",
        "type": "github"
      }
    },
    "nixinate": {
      "inputs": {
        "nixpkgs": [
          "nixpkgs"
        ]
      },
      "locked": {
        "lastModified": 1654872030,
        "narHash": "sha256-a1e49vvdEapkG9tbC0WLEemLGXbMR6hEBeW22aGwueQ=",
        "owner": "matthewcroughan",
        "repo": "nixinate",
        "rev": "0f53b4f183fbde2ba2b50d3e7dd910b86ea179ed",
        "type": "github"
      },
      "original": {
        "owner": "matthewcroughan",
        "repo": "nixinate",
        "type": "github"
      }
    },
    "nixpkgs": {
      "locked": {
        "lastModified": 1637448181,
        "narHash": "sha256-ujcXli4esmtIHUBjE1BjmMuBWrcNvlHZrVXx56i5B1M=",
        "owner": "nixos",
        "repo": "nixpkgs",
        "rev": "d5b65f812cd4f5a8fa74b406075b59a46f1cfd98",
        "type": "github"
      },
      "original": {
        "owner": "nixos",
        "ref": "nixos-21.05",
        "repo": "nixpkgs",
        "type": "github"
      }
    },
    "nixpkgs_2": {
      "locked": {
        "lastModified": 1639161226,
        "narHash": "sha256-75Y08ynJDTq6HHGIF+8IADBJSVip0UyWQH7jqSFnRR8=",
        "owner": "nixos",
        "repo": "nixpkgs",
        "rev": "573095944e7c1d58d30fc679c81af63668b54056",
        "type": "github"
      },
      "original": {
        "owner": "nixos",
        "ref": "nixos-21.11",
        "repo": "nixpkgs",
        "type": "github"
      }
    },
    "nixpkgs_3": {
      "locked": {
        "lastModified": 1638798756,
        "narHash": "sha256-VFuVwQ4YjPNnclRh6vcy5pR0AgPxlGeanVYBLVCr9ZI=",
        "owner": "nixos",
        "repo": "nixpkgs",
        "rev": "4a8751d694b46340072d95409804f59b98326f44",
        "type": "github"
      },
      "original": {
        "owner": "nixos",
        "ref": "nixos-21.05",
        "repo": "nixpkgs",
        "type": "github"
      }
    },
    "nixpkgs_4": {
      "locked": {
        "lastModified": 1660496378,
        "narHash": "sha256-sgAhmrC1iSnl5T2VPPiMpciH1aRw5c7PYEdXX6jd6Gk=",
        "owner": "nixos",
        "repo": "nixpkgs",
        "rev": "879121648fe522b38cc1cf75aef160a14a1f2e7b",
        "type": "github"
      },
      "original": {
        "owner": "nixos",
        "ref": "nixos-22.05",
        "repo": "nixpkgs",
        "type": "github"
      }
    },
    "root": {
      "inputs": {
        "dana-circulating-supply": "dana-circulating-supply",
        "danaswapstats": "danaswapstats",
        "hci-effects": "hci-effects",
        "nixinate": "nixinate",
        "nixpkgs": "nixpkgs_4"
      }
    },
    "safe-coloured-text-src": {
      "flake": false,
      "locked": {
        "lastModified": 1622900843,
        "narHash": "sha256-hQpAucRtf4Map2mqGaTl3Qk+y1rmaDpypJlodLxy3Ss=",
        "owner": "NorfairKing",
        "repo": "safe-coloured-text",
        "rev": "7f157485e55528648a95edf3508a122b2e55779e",
        "type": "github"
      },
      "original": {
        "owner": "NorfairKing",
        "repo": "safe-coloured-text",
        "type": "github"
      }
    },
    "sydtest-src": {
      "flake": false,
      "locked": {
        "lastModified": 1630579197,
        "narHash": "sha256-92TSXtIYyewN1yoFuwPrReAcH3vbD5SVTBuIUq7GktE=",
        "owner": "NorfairKing",
        "repo": "sydtest",
        "rev": "a230bf791b0bced918092bbc9c3b54608b2a3a48",
        "type": "github"
      },
      "original": {
        "owner": "NorfairKing",
        "repo": "sydtest",
        "rev": "a230bf791b0bced918092bbc9c3b54608b2a3a48",
        "type": "github"
      }
    },
    "validity-src": {
      "flake": false,
      "locked": {
        "lastModified": 1624197181,
        "narHash": "sha256-4ssmCY0OxCaHlJDaqum4H0NJIFqHaISSKmyQ7Xs9YKo=",
        "owner": "NorfairKing",
        "repo": "validity",
        "rev": "f5e5d69b3502cdd9243b412c31ba9619b9e89462",
        "type": "github"
      },
      "original": {
        "owner": "NorfairKing",
        "repo": "validity",
        "rev": "f5e5d69b3502cdd9243b412c31ba9619b9e89462",
        "type": "github"
      }
    }
  },
  "root": "root",
  "version": 7
}
